// !$*UTF8*$!
{
	archiveVersion = 1;
	classes = {
	};
	objectVersion = 46;
	objects = {

/* Begin PBXBuildFile section */
		6136F8E81C63E08D007568C5 /* AVFoundation.framework in Frameworks */ = {isa = PBXBuildFile; fileRef = 6136F8E71C63E08D007568C5 /* AVFoundation.framework */; };
		6136F8EA1C63E09C007568C5 /* Accelerate.framework in Frameworks */ = {isa = PBXBuildFile; fileRef = 6136F8E91C63E09C007568C5 /* Accelerate.framework */; };
		6136F8EC1C63E0A0007568C5 /* AudioToolbox.framework in Frameworks */ = {isa = PBXBuildFile; fileRef = 6136F8EB1C63E0A0007568C5 /* AudioToolbox.framework */; };
		6136F8EE1C63E0A7007568C5 /* GLKit.framework in Frameworks */ = {isa = PBXBuildFile; fileRef = 6136F8ED1C63E0A7007568C5 /* GLKit.framework */; };
		614AFB971C6150ED009ED3F2 /* A7tab.png in Resources */ = {isa = PBXBuildFile; fileRef = 614AFB921C6150ED009ED3F2 /* A7tab.png */; };
		614AFB981C6150ED009ED3F2 /* Amintab.png in Resources */ = {isa = PBXBuildFile; fileRef = 614AFB931C6150ED009ED3F2 /* Amintab.png */; };
		614AFB991C6150ED009ED3F2 /* Atab.png in Resources */ = {isa = PBXBuildFile; fileRef = 614AFB941C6150ED009ED3F2 /* Atab.png */; };
		614AFB9A1C6150ED009ED3F2 /* B7tab.png in Resources */ = {isa = PBXBuildFile; fileRef = 614AFB951C6150ED009ED3F2 /* B7tab.png */; };
		614AFB9B1C6150ED009ED3F2 /* C7tab.png in Resources */ = {isa = PBXBuildFile; fileRef = 614AFB961C6150ED009ED3F2 /* C7tab.png */; };
		614AFBA71C6150FF009ED3F2 /* Ctab.png in Resources */ = {isa = PBXBuildFile; fileRef = 614AFB9C1C6150FF009ED3F2 /* Ctab.png */; };
		614AFBA81C6150FF009ED3F2 /* D7tab.png in Resources */ = {isa = PBXBuildFile; fileRef = 614AFB9D1C6150FF009ED3F2 /* D7tab.png */; };
		614AFBA91C6150FF009ED3F2 /* DminTab.png in Resources */ = {isa = PBXBuildFile; fileRef = 614AFB9E1C6150FF009ED3F2 /* DminTab.png */; };
		614AFBAA1C6150FF009ED3F2 /* Dtab.png in Resources */ = {isa = PBXBuildFile; fileRef = 614AFB9F1C6150FF009ED3F2 /* Dtab.png */; };
		614AFBAB1C6150FF009ED3F2 /* E7tab.png in Resources */ = {isa = PBXBuildFile; fileRef = 614AFBA01C6150FF009ED3F2 /* E7tab.png */; };
		614AFBAC1C6150FF009ED3F2 /* Emintab.png in Resources */ = {isa = PBXBuildFile; fileRef = 614AFBA11C6150FF009ED3F2 /* Emintab.png */; };
		614AFBAD1C6150FF009ED3F2 /* Etab.png in Resources */ = {isa = PBXBuildFile; fileRef = 614AFBA21C6150FF009ED3F2 /* Etab.png */; };
		614AFBAE1C6150FF009ED3F2 /* Fmaj7tab.png in Resources */ = {isa = PBXBuildFile; fileRef = 614AFBA31C6150FF009ED3F2 /* Fmaj7tab.png */; };
		614AFBAF1C6150FF009ED3F2 /* Ftab.png in Resources */ = {isa = PBXBuildFile; fileRef = 614AFBA41C6150FF009ED3F2 /* Ftab.png */; };
		614AFBB01C6150FF009ED3F2 /* G7tab.png in Resources */ = {isa = PBXBuildFile; fileRef = 614AFBA51C6150FF009ED3F2 /* G7tab.png */; };
		614AFBB11C6150FF009ED3F2 /* Gtab.png in Resources */ = {isa = PBXBuildFile; fileRef = 614AFBA61C6150FF009ED3F2 /* Gtab.png */; };
		6156EBAE1C5BF16200F2D78F /* ChordListPopoverViewController.swift in Sources */ = {isa = PBXBuildFile; fileRef = 6156EBAD1C5BF16200F2D78F /* ChordListPopoverViewController.swift */; };
		6156EBAF1C5BF16200F2D78F /* ChordListPopoverViewController.swift in Sources */ = {isa = PBXBuildFile; fileRef = 6156EBAD1C5BF16200F2D78F /* ChordListPopoverViewController.swift */; };
		6156EBB01C5BF16200F2D78F /* ChordListPopoverViewController.swift in Sources */ = {isa = PBXBuildFile; fileRef = 6156EBAD1C5BF16200F2D78F /* ChordListPopoverViewController.swift */; };
		615C05BF1C5FC039000F4996 /* beep-07.wav in Resources */ = {isa = PBXBuildFile; fileRef = 615C05BE1C5FC039000F4996 /* beep-07.wav */; };
		61A268381C53DBD00010ADBD /* AppDelegate.swift in Sources */ = {isa = PBXBuildFile; fileRef = 61A268371C53DBD00010ADBD /* AppDelegate.swift */; };
		61A2683A1C53DBD00010ADBD /* TrainingViewController.swift in Sources */ = {isa = PBXBuildFile; fileRef = 61A268391C53DBD00010ADBD /* TrainingViewController.swift */; };
		61A2683D1C53DBD00010ADBD /* Main.storyboard in Resources */ = {isa = PBXBuildFile; fileRef = 61A2683B1C53DBD00010ADBD /* Main.storyboard */; };
		61A268401C53DBD00010ADBD /* OneMinuteChanges.xcdatamodeld in Sources */ = {isa = PBXBuildFile; fileRef = 61A2683E1C53DBD00010ADBD /* OneMinuteChanges.xcdatamodeld */; };
		61A268421C53DBD00010ADBD /* Assets.xcassets in Resources */ = {isa = PBXBuildFile; fileRef = 61A268411C53DBD00010ADBD /* Assets.xcassets */; };
		61A268451C53DBD00010ADBD /* LaunchScreen.storyboard in Resources */ = {isa = PBXBuildFile; fileRef = 61A268431C53DBD00010ADBD /* LaunchScreen.storyboard */; };
		61A268501C53DBD00010ADBD /* OneMinuteChangesTests.swift in Sources */ = {isa = PBXBuildFile; fileRef = 61A2684F1C53DBD00010ADBD /* OneMinuteChangesTests.swift */; };
		61A2685B1C53DBD00010ADBD /* OneMinuteChangesUITests.swift in Sources */ = {isa = PBXBuildFile; fileRef = 61A2685A1C53DBD00010ADBD /* OneMinuteChangesUITests.swift */; };
		61A268991C58820D0010ADBD /* tabIcon.png in Resources */ = {isa = PBXBuildFile; fileRef = 61A268981C58820D0010ADBD /* tabIcon.png */; };
		61A2689B1C588A930010ADBD /* Constants.swift in Sources */ = {isa = PBXBuildFile; fileRef = 61A2689A1C588A930010ADBD /* Constants.swift */; };
		61A2689C1C588BD70010ADBD /* Constants.swift in Sources */ = {isa = PBXBuildFile; fileRef = 61A2689A1C588A930010ADBD /* Constants.swift */; };
		61A2689D1C588BD70010ADBD /* Constants.swift in Sources */ = {isa = PBXBuildFile; fileRef = 61A2689A1C588A930010ADBD /* Constants.swift */; };
		61A2689F1C588DF10010ADBD /* ChordSelectionViewController.swift in Sources */ = {isa = PBXBuildFile; fileRef = 61A2689E1C588DF10010ADBD /* ChordSelectionViewController.swift */; };
		61A268A01C588DF10010ADBD /* ChordSelectionViewController.swift in Sources */ = {isa = PBXBuildFile; fileRef = 61A2689E1C588DF10010ADBD /* ChordSelectionViewController.swift */; };
		61A268A11C588DF10010ADBD /* ChordSelectionViewController.swift in Sources */ = {isa = PBXBuildFile; fileRef = 61A2689E1C588DF10010ADBD /* ChordSelectionViewController.swift */; };
		61A268A31C5891880010ADBD /* CustomCells.swift in Sources */ = {isa = PBXBuildFile; fileRef = 61A268A21C5891880010ADBD /* CustomCells.swift */; };
		61A268A41C5891880010ADBD /* CustomCells.swift in Sources */ = {isa = PBXBuildFile; fileRef = 61A268A21C5891880010ADBD /* CustomCells.swift */; };
		61A268A51C5891880010ADBD /* CustomCells.swift in Sources */ = {isa = PBXBuildFile; fileRef = 61A268A21C5891880010ADBD /* CustomCells.swift */; };
		61A268A71C589D230010ADBD /* startButton.png in Resources */ = {isa = PBXBuildFile; fileRef = 61A268A61C589D230010ADBD /* startButton.png */; };
		61A268A81C589D230010ADBD /* startButton.png in Resources */ = {isa = PBXBuildFile; fileRef = 61A268A61C589D230010ADBD /* startButton.png */; };
		61A268A91C589D230010ADBD /* startButton.png in Resources */ = {isa = PBXBuildFile; fileRef = 61A268A61C589D230010ADBD /* startButton.png */; };
		61A268AB1C589D320010ADBD /* pauseButton.png in Resources */ = {isa = PBXBuildFile; fileRef = 61A268AA1C589D320010ADBD /* pauseButton.png */; };
		61A268AC1C589D320010ADBD /* pauseButton.png in Resources */ = {isa = PBXBuildFile; fileRef = 61A268AA1C589D320010ADBD /* pauseButton.png */; };
		61A268AD1C589D320010ADBD /* pauseButton.png in Resources */ = {isa = PBXBuildFile; fileRef = 61A268AA1C589D320010ADBD /* pauseButton.png */; };
		61A268AF1C58A58B0010ADBD /* skipButton.png in Resources */ = {isa = PBXBuildFile; fileRef = 61A268AE1C58A58B0010ADBD /* skipButton.png */; };
		61A268B01C58A58B0010ADBD /* skipButton.png in Resources */ = {isa = PBXBuildFile; fileRef = 61A268AE1C58A58B0010ADBD /* skipButton.png */; };
		61A268B11C58A58B0010ADBD /* skipButton.png in Resources */ = {isa = PBXBuildFile; fileRef = 61A268AE1C58A58B0010ADBD /* skipButton.png */; };
		61A268B21C5B2BC70010ADBD /* Extensions.swift in Sources */ = {isa = PBXBuildFile; fileRef = 61F8C9691C5A6D0E00816939 /* Extensions.swift */; };
		61A268B31C5B2BC80010ADBD /* Extensions.swift in Sources */ = {isa = PBXBuildFile; fileRef = 61F8C9691C5A6D0E00816939 /* Extensions.swift */; };
		61A268BE1C5D5F9B0010ADBD /* DataHelper.swift in Sources */ = {isa = PBXBuildFile; fileRef = 61A268BD1C5D5F9B0010ADBD /* DataHelper.swift */; };
		61A268BF1C5D5F9B0010ADBD /* DataHelper.swift in Sources */ = {isa = PBXBuildFile; fileRef = 61A268BD1C5D5F9B0010ADBD /* DataHelper.swift */; };
		61A268C01C5D5F9B0010ADBD /* DataHelper.swift in Sources */ = {isa = PBXBuildFile; fileRef = 61A268BD1C5D5F9B0010ADBD /* DataHelper.swift */; };
		61A268C11C5D603C0010ADBD /* AppDelegate.swift in Sources */ = {isa = PBXBuildFile; fileRef = 61A268371C53DBD00010ADBD /* AppDelegate.swift */; };
		61A268C21C5D603D0010ADBD /* AppDelegate.swift in Sources */ = {isa = PBXBuildFile; fileRef = 61A268371C53DBD00010ADBD /* AppDelegate.swift */; };
		61A268C71C5D62470010ADBD /* Result+CoreDataProperties.swift in Sources */ = {isa = PBXBuildFile; fileRef = 61A268C31C5D62470010ADBD /* Result+CoreDataProperties.swift */; };
		61A268C81C5D62470010ADBD /* Result+CoreDataProperties.swift in Sources */ = {isa = PBXBuildFile; fileRef = 61A268C31C5D62470010ADBD /* Result+CoreDataProperties.swift */; };
		61A268C91C5D62470010ADBD /* Result+CoreDataProperties.swift in Sources */ = {isa = PBXBuildFile; fileRef = 61A268C31C5D62470010ADBD /* Result+CoreDataProperties.swift */; };
		61A268CA1C5D62470010ADBD /* Result.swift in Sources */ = {isa = PBXBuildFile; fileRef = 61A268C41C5D62470010ADBD /* Result.swift */; };
		61A268CB1C5D62470010ADBD /* Result.swift in Sources */ = {isa = PBXBuildFile; fileRef = 61A268C41C5D62470010ADBD /* Result.swift */; };
		61A268CC1C5D62470010ADBD /* Result.swift in Sources */ = {isa = PBXBuildFile; fileRef = 61A268C41C5D62470010ADBD /* Result.swift */; };
		61A268CD1C5D62470010ADBD /* Chord+CoreDataProperties.swift in Sources */ = {isa = PBXBuildFile; fileRef = 61A268C51C5D62470010ADBD /* Chord+CoreDataProperties.swift */; };
		61A268CE1C5D62470010ADBD /* Chord+CoreDataProperties.swift in Sources */ = {isa = PBXBuildFile; fileRef = 61A268C51C5D62470010ADBD /* Chord+CoreDataProperties.swift */; };
		61A268CF1C5D62470010ADBD /* Chord+CoreDataProperties.swift in Sources */ = {isa = PBXBuildFile; fileRef = 61A268C51C5D62470010ADBD /* Chord+CoreDataProperties.swift */; };
		61A268D01C5D62470010ADBD /* Chord.swift in Sources */ = {isa = PBXBuildFile; fileRef = 61A268C61C5D62470010ADBD /* Chord.swift */; };
		61A268D11C5D62470010ADBD /* Chord.swift in Sources */ = {isa = PBXBuildFile; fileRef = 61A268C61C5D62470010ADBD /* Chord.swift */; };
		61A268D21C5D62470010ADBD /* Chord.swift in Sources */ = {isa = PBXBuildFile; fileRef = 61A268C61C5D62470010ADBD /* Chord.swift */; };
		61A268D51C5EFFE50010ADBD /* timer@2x.png in Resources */ = {isa = PBXBuildFile; fileRef = 61A268D41C5EFFE40010ADBD /* timer@2x.png */; };
		61A268D61C5EFFE50010ADBD /* timer@2x.png in Resources */ = {isa = PBXBuildFile; fileRef = 61A268D41C5EFFE40010ADBD /* timer@2x.png */; };
		61A268D71C5EFFE50010ADBD /* timer@2x.png in Resources */ = {isa = PBXBuildFile; fileRef = 61A268D41C5EFFE40010ADBD /* timer@2x.png */; };
		61A268D91C5F003E0010ADBD /* top_charts@2x.png in Resources */ = {isa = PBXBuildFile; fileRef = 61A268D81C5F003E0010ADBD /* top_charts@2x.png */; };
		61A268DA1C5F003E0010ADBD /* top_charts@2x.png in Resources */ = {isa = PBXBuildFile; fileRef = 61A268D81C5F003E0010ADBD /* top_charts@2x.png */; };
		61A268DB1C5F003E0010ADBD /* top_charts@2x.png in Resources */ = {isa = PBXBuildFile; fileRef = 61A268D81C5F003E0010ADBD /* top_charts@2x.png */; };
		61A268DE1C5F00550010ADBD /* timer@3x.png in Resources */ = {isa = PBXBuildFile; fileRef = 61A268DC1C5F00550010ADBD /* timer@3x.png */; };
		61A268DF1C5F00550010ADBD /* timer@3x.png in Resources */ = {isa = PBXBuildFile; fileRef = 61A268DC1C5F00550010ADBD /* timer@3x.png */; };
		61A268E01C5F00550010ADBD /* timer@3x.png in Resources */ = {isa = PBXBuildFile; fileRef = 61A268DC1C5F00550010ADBD /* timer@3x.png */; };
		61A268E11C5F00550010ADBD /* top_charts@3x.png in Resources */ = {isa = PBXBuildFile; fileRef = 61A268DD1C5F00550010ADBD /* top_charts@3x.png */; };
		61A268E21C5F00550010ADBD /* top_charts@3x.png in Resources */ = {isa = PBXBuildFile; fileRef = 61A268DD1C5F00550010ADBD /* top_charts@3x.png */; };
		61A268E31C5F00550010ADBD /* top_charts@3x.png in Resources */ = {isa = PBXBuildFile; fileRef = 61A268DD1C5F00550010ADBD /* top_charts@3x.png */; };
		61A268E51C5F00970010ADBD /* more@2x.png in Resources */ = {isa = PBXBuildFile; fileRef = 61A268E41C5F00970010ADBD /* more@2x.png */; };
		61A268E61C5F00970010ADBD /* more@2x.png in Resources */ = {isa = PBXBuildFile; fileRef = 61A268E41C5F00970010ADBD /* more@2x.png */; };
		61A268E71C5F00970010ADBD /* more@2x.png in Resources */ = {isa = PBXBuildFile; fileRef = 61A268E41C5F00970010ADBD /* more@2x.png */; };
		61A268E91C5F00AE0010ADBD /* more@3x.png in Resources */ = {isa = PBXBuildFile; fileRef = 61A268E81C5F00AE0010ADBD /* more@3x.png */; };
		61A268EA1C5F00AE0010ADBD /* more@3x.png in Resources */ = {isa = PBXBuildFile; fileRef = 61A268E81C5F00AE0010ADBD /* more@3x.png */; };
		61A268EB1C5F00AE0010ADBD /* more@3x.png in Resources */ = {isa = PBXBuildFile; fileRef = 61A268E81C5F00AE0010ADBD /* more@3x.png */; };
		61A268EF1C5F00CF0010ADBD /* more.png in Resources */ = {isa = PBXBuildFile; fileRef = 61A268EC1C5F00CF0010ADBD /* more.png */; };
		61A268F01C5F00CF0010ADBD /* more.png in Resources */ = {isa = PBXBuildFile; fileRef = 61A268EC1C5F00CF0010ADBD /* more.png */; };
		61A268F11C5F00CF0010ADBD /* more.png in Resources */ = {isa = PBXBuildFile; fileRef = 61A268EC1C5F00CF0010ADBD /* more.png */; };
		61A268F21C5F00CF0010ADBD /* timer.png in Resources */ = {isa = PBXBuildFile; fileRef = 61A268ED1C5F00CF0010ADBD /* timer.png */; };
		61A268F31C5F00CF0010ADBD /* timer.png in Resources */ = {isa = PBXBuildFile; fileRef = 61A268ED1C5F00CF0010ADBD /* timer.png */; };
		61A268F41C5F00CF0010ADBD /* timer.png in Resources */ = {isa = PBXBuildFile; fileRef = 61A268ED1C5F00CF0010ADBD /* timer.png */; };
		61A268F51C5F00CF0010ADBD /* top_charts.png in Resources */ = {isa = PBXBuildFile; fileRef = 61A268EE1C5F00CF0010ADBD /* top_charts.png */; };
		61A268F61C5F00CF0010ADBD /* top_charts.png in Resources */ = {isa = PBXBuildFile; fileRef = 61A268EE1C5F00CF0010ADBD /* top_charts.png */; };
		61A268F71C5F00CF0010ADBD /* top_charts.png in Resources */ = {isa = PBXBuildFile; fileRef = 61A268EE1C5F00CF0010ADBD /* top_charts.png */; };
		61A268F91C5F0AF60010ADBD /* resetButton.png in Resources */ = {isa = PBXBuildFile; fileRef = 61A268F81C5F0AF60010ADBD /* resetButton.png */; };
		61A268FA1C5F0AF60010ADBD /* resetButton.png in Resources */ = {isa = PBXBuildFile; fileRef = 61A268F81C5F0AF60010ADBD /* resetButton.png */; };
		61A268FB1C5F0AF60010ADBD /* resetButton.png in Resources */ = {isa = PBXBuildFile; fileRef = 61A268F81C5F0AF60010ADBD /* resetButton.png */; };
		61A268FD1C5F0BB80010ADBD /* nextButton.png in Resources */ = {isa = PBXBuildFile; fileRef = 61A268FC1C5F0BB80010ADBD /* nextButton.png */; };
		61A268FE1C5F0BB80010ADBD /* nextButton.png in Resources */ = {isa = PBXBuildFile; fileRef = 61A268FC1C5F0BB80010ADBD /* nextButton.png */; };
		61A268FF1C5F0BB80010ADBD /* nextButton.png in Resources */ = {isa = PBXBuildFile; fileRef = 61A268FC1C5F0BB80010ADBD /* nextButton.png */; };
		61A269211C61ADC30010ADBD /* ChordDictionaryViewController.swift in Sources */ = {isa = PBXBuildFile; fileRef = 61A269201C61ADC30010ADBD /* ChordDictionaryViewController.swift */; };
		61A269221C61ADC30010ADBD /* ChordDictionaryViewController.swift in Sources */ = {isa = PBXBuildFile; fileRef = 61A269201C61ADC30010ADBD /* ChordDictionaryViewController.swift */; };
		61A269231C61ADC30010ADBD /* ChordDictionaryViewController.swift in Sources */ = {isa = PBXBuildFile; fileRef = 61A269201C61ADC30010ADBD /* ChordDictionaryViewController.swift */; };
		61A269251C632FD00010ADBD /* Color.swift in Sources */ = {isa = PBXBuildFile; fileRef = 61A269241C632FD00010ADBD /* Color.swift */; };
		61A269261C6330150010ADBD /* Color.swift in Sources */ = {isa = PBXBuildFile; fileRef = 61A269241C632FD00010ADBD /* Color.swift */; };
		61A269271C6330150010ADBD /* Color.swift in Sources */ = {isa = PBXBuildFile; fileRef = 61A269241C632FD00010ADBD /* Color.swift */; };
		61C702CF1C693A67004571E3 /* IPAHelper.swift in Sources */ = {isa = PBXBuildFile; fileRef = 61C702CE1C693A67004571E3 /* IPAHelper.swift */; };
		61C702D01C693A67004571E3 /* IPAHelper.swift in Sources */ = {isa = PBXBuildFile; fileRef = 61C702CE1C693A67004571E3 /* IPAHelper.swift */; };
		61C702D11C693A67004571E3 /* IPAHelper.swift in Sources */ = {isa = PBXBuildFile; fileRef = 61C702CE1C693A67004571E3 /* IPAHelper.swift */; };
		61F8C9631C56A64200816939 /* TimerLabel.swift in Sources */ = {isa = PBXBuildFile; fileRef = 61F8C9621C56A64200816939 /* TimerLabel.swift */; };
		61F8C9641C57BCE800816939 /* TimerLabel.swift in Sources */ = {isa = PBXBuildFile; fileRef = 61F8C9621C56A64200816939 /* TimerLabel.swift */; };
		61F8C9651C57BCE800816939 /* TimerLabel.swift in Sources */ = {isa = PBXBuildFile; fileRef = 61F8C9621C56A64200816939 /* TimerLabel.swift */; };
		61F8C9661C57BCEE00816939 /* TrainingViewController.swift in Sources */ = {isa = PBXBuildFile; fileRef = 61A268391C53DBD00010ADBD /* TrainingViewController.swift */; };
		61F8C9671C57BCEE00816939 /* TrainingViewController.swift in Sources */ = {isa = PBXBuildFile; fileRef = 61A268391C53DBD00010ADBD /* TrainingViewController.swift */; };
		61F8C96A1C5A6D0E00816939 /* Extensions.swift in Sources */ = {isa = PBXBuildFile; fileRef = 61F8C9691C5A6D0E00816939 /* Extensions.swift */; };
		6D9FB784B907ABAFFF5D359A /* Pods_OneMinuteChanges.framework in Frameworks */ = {isa = PBXBuildFile; fileRef = 67F5B06A95074CB309B99A86 /* Pods_OneMinuteChanges.framework */; };
		E10B88B51C62789300F569A5 /* ScoreViewController.swift in Sources */ = {isa = PBXBuildFile; fileRef = E10B88B41C62789300F569A5 /* ScoreViewController.swift */; };
		E10B88B61C62789300F569A5 /* ScoreViewController.swift in Sources */ = {isa = PBXBuildFile; fileRef = E10B88B41C62789300F569A5 /* ScoreViewController.swift */; };
		E10B88B71C62789300F569A5 /* ScoreViewController.swift in Sources */ = {isa = PBXBuildFile; fileRef = E10B88B41C62789300F569A5 /* ScoreViewController.swift */; };
		E10B88B91C627B3500F569A5 /* BestResultListViewController.swift in Sources */ = {isa = PBXBuildFile; fileRef = E10B88B81C627B3500F569A5 /* BestResultListViewController.swift */; };
		E10B88BA1C627B3500F569A5 /* BestResultListViewController.swift in Sources */ = {isa = PBXBuildFile; fileRef = E10B88B81C627B3500F569A5 /* BestResultListViewController.swift */; };
		E10B88BB1C627B3500F569A5 /* BestResultListViewController.swift in Sources */ = {isa = PBXBuildFile; fileRef = E10B88B81C627B3500F569A5 /* BestResultListViewController.swift */; };
		E11E8B2B1C612F0D00E53BDB /* TabDisplayPopoverViewController.swift in Sources */ = {isa = PBXBuildFile; fileRef = E11E8B2A1C612F0D00E53BDB /* TabDisplayPopoverViewController.swift */; };
		E11E8B2C1C612F0D00E53BDB /* TabDisplayPopoverViewController.swift in Sources */ = {isa = PBXBuildFile; fileRef = E11E8B2A1C612F0D00E53BDB /* TabDisplayPopoverViewController.swift */; };
		E11E8B2D1C612F0D00E53BDB /* TabDisplayPopoverViewController.swift in Sources */ = {isa = PBXBuildFile; fileRef = E11E8B2A1C612F0D00E53BDB /* TabDisplayPopoverViewController.swift */; };
		E17347841C65571D0006FACE /* icon76.png in Resources */ = {isa = PBXBuildFile; fileRef = E173477E1C65571D0006FACE /* icon76.png */; };
		E17347851C65571D0006FACE /* icon120.png in Resources */ = {isa = PBXBuildFile; fileRef = E173477F1C65571D0006FACE /* icon120.png */; };
		E17347861C65571D0006FACE /* icon152.png in Resources */ = {isa = PBXBuildFile; fileRef = E17347801C65571D0006FACE /* icon152.png */; };
		E17347871C65571D0006FACE /* icon180.png in Resources */ = {isa = PBXBuildFile; fileRef = E17347811C65571D0006FACE /* icon180.png */; };
		E17347881C65571D0006FACE /* icon512.png in Resources */ = {isa = PBXBuildFile; fileRef = E17347821C65571D0006FACE /* icon512.png */; };
		E17347891C65571D0006FACE /* icon1024.png in Resources */ = {isa = PBXBuildFile; fileRef = E17347831C65571D0006FACE /* icon1024.png */; };
/* End PBXBuildFile section */

/* Begin PBXContainerItemProxy section */
		61A2684C1C53DBD00010ADBD /* PBXContainerItemProxy */ = {
			isa = PBXContainerItemProxy;
			containerPortal = 61A2682C1C53DBD00010ADBD /* Project object */;
			proxyType = 1;
			remoteGlobalIDString = 61A268331C53DBD00010ADBD;
			remoteInfo = OneMinuteChanges;
		};
		61A268571C53DBD00010ADBD /* PBXContainerItemProxy */ = {
			isa = PBXContainerItemProxy;
			containerPortal = 61A2682C1C53DBD00010ADBD /* Project object */;
			proxyType = 1;
			remoteGlobalIDString = 61A268331C53DBD00010ADBD;
			remoteInfo = OneMinuteChanges;
		};
/* End PBXContainerItemProxy section */

/* Begin PBXFileReference section */
		6136F8E71C63E08D007568C5 /* AVFoundation.framework */ = {isa = PBXFileReference; lastKnownFileType = wrapper.framework; name = AVFoundation.framework; path = System/Library/Frameworks/AVFoundation.framework; sourceTree = SDKROOT; };
		6136F8E91C63E09C007568C5 /* Accelerate.framework */ = {isa = PBXFileReference; lastKnownFileType = wrapper.framework; name = Accelerate.framework; path = System/Library/Frameworks/Accelerate.framework; sourceTree = SDKROOT; };
		6136F8EB1C63E0A0007568C5 /* AudioToolbox.framework */ = {isa = PBXFileReference; lastKnownFileType = wrapper.framework; name = AudioToolbox.framework; path = System/Library/Frameworks/AudioToolbox.framework; sourceTree = SDKROOT; };
		6136F8ED1C63E0A7007568C5 /* GLKit.framework */ = {isa = PBXFileReference; lastKnownFileType = wrapper.framework; name = GLKit.framework; path = System/Library/Frameworks/GLKit.framework; sourceTree = SDKROOT; };
		614AFB921C6150ED009ED3F2 /* A7tab.png */ = {isa = PBXFileReference; lastKnownFileType = image.png; name = A7tab.png; path = Images/A7tab.png; sourceTree = "<group>"; };
		614AFB931C6150ED009ED3F2 /* Amintab.png */ = {isa = PBXFileReference; lastKnownFileType = image.png; name = Amintab.png; path = Images/Amintab.png; sourceTree = "<group>"; };
		614AFB941C6150ED009ED3F2 /* Atab.png */ = {isa = PBXFileReference; lastKnownFileType = image.png; name = Atab.png; path = Images/Atab.png; sourceTree = "<group>"; };
		614AFB951C6150ED009ED3F2 /* B7tab.png */ = {isa = PBXFileReference; lastKnownFileType = image.png; name = B7tab.png; path = Images/B7tab.png; sourceTree = "<group>"; };
		614AFB961C6150ED009ED3F2 /* C7tab.png */ = {isa = PBXFileReference; lastKnownFileType = image.png; name = C7tab.png; path = Images/C7tab.png; sourceTree = "<group>"; };
		614AFB9C1C6150FF009ED3F2 /* Ctab.png */ = {isa = PBXFileReference; lastKnownFileType = image.png; name = Ctab.png; path = Images/Ctab.png; sourceTree = "<group>"; };
		614AFB9D1C6150FF009ED3F2 /* D7tab.png */ = {isa = PBXFileReference; lastKnownFileType = image.png; name = D7tab.png; path = Images/D7tab.png; sourceTree = "<group>"; };
		614AFB9E1C6150FF009ED3F2 /* DminTab.png */ = {isa = PBXFileReference; lastKnownFileType = image.png; name = DminTab.png; path = Images/DminTab.png; sourceTree = "<group>"; };
		614AFB9F1C6150FF009ED3F2 /* Dtab.png */ = {isa = PBXFileReference; lastKnownFileType = image.png; name = Dtab.png; path = Images/Dtab.png; sourceTree = "<group>"; };
		614AFBA01C6150FF009ED3F2 /* E7tab.png */ = {isa = PBXFileReference; lastKnownFileType = image.png; name = E7tab.png; path = Images/E7tab.png; sourceTree = "<group>"; };
		614AFBA11C6150FF009ED3F2 /* Emintab.png */ = {isa = PBXFileReference; lastKnownFileType = image.png; name = Emintab.png; path = Images/Emintab.png; sourceTree = "<group>"; };
		614AFBA21C6150FF009ED3F2 /* Etab.png */ = {isa = PBXFileReference; lastKnownFileType = image.png; name = Etab.png; path = Images/Etab.png; sourceTree = "<group>"; };
		614AFBA31C6150FF009ED3F2 /* Fmaj7tab.png */ = {isa = PBXFileReference; lastKnownFileType = image.png; name = Fmaj7tab.png; path = Images/Fmaj7tab.png; sourceTree = "<group>"; };
		614AFBA41C6150FF009ED3F2 /* Ftab.png */ = {isa = PBXFileReference; lastKnownFileType = image.png; name = Ftab.png; path = Images/Ftab.png; sourceTree = "<group>"; };
		614AFBA51C6150FF009ED3F2 /* G7tab.png */ = {isa = PBXFileReference; lastKnownFileType = image.png; name = G7tab.png; path = Images/G7tab.png; sourceTree = "<group>"; };
		614AFBA61C6150FF009ED3F2 /* Gtab.png */ = {isa = PBXFileReference; lastKnownFileType = image.png; name = Gtab.png; path = Images/Gtab.png; sourceTree = "<group>"; };
		6156EBAD1C5BF16200F2D78F /* ChordListPopoverViewController.swift */ = {isa = PBXFileReference; fileEncoding = 4; lastKnownFileType = sourcecode.swift; path = ChordListPopoverViewController.swift; sourceTree = "<group>"; };
		615C05BE1C5FC039000F4996 /* beep-07.wav */ = {isa = PBXFileReference; lastKnownFileType = audio.wav; name = "beep-07.wav"; path = "Sounds/beep-07.wav"; sourceTree = "<group>"; };
		61A268341C53DBD00010ADBD /* OneMinuteChanges.app */ = {isa = PBXFileReference; explicitFileType = wrapper.application; includeInIndex = 0; path = OneMinuteChanges.app; sourceTree = BUILT_PRODUCTS_DIR; };
		61A268371C53DBD00010ADBD /* AppDelegate.swift */ = {isa = PBXFileReference; lastKnownFileType = sourcecode.swift; path = AppDelegate.swift; sourceTree = "<group>"; };
		61A268391C53DBD00010ADBD /* TrainingViewController.swift */ = {isa = PBXFileReference; lastKnownFileType = sourcecode.swift; path = TrainingViewController.swift; sourceTree = "<group>"; };
		61A2683C1C53DBD00010ADBD /* Base */ = {isa = PBXFileReference; lastKnownFileType = file.storyboard; name = Base; path = Base.lproj/Main.storyboard; sourceTree = "<group>"; };
		61A2683F1C53DBD00010ADBD /* OneMinuteChanges.xcdatamodel */ = {isa = PBXFileReference; lastKnownFileType = wrapper.xcdatamodel; path = OneMinuteChanges.xcdatamodel; sourceTree = "<group>"; };
		61A268411C53DBD00010ADBD /* Assets.xcassets */ = {isa = PBXFileReference; lastKnownFileType = folder.assetcatalog; path = Assets.xcassets; sourceTree = "<group>"; };
		61A268441C53DBD00010ADBD /* Base */ = {isa = PBXFileReference; lastKnownFileType = file.storyboard; name = Base; path = Base.lproj/LaunchScreen.storyboard; sourceTree = "<group>"; };
		61A268461C53DBD00010ADBD /* Info.plist */ = {isa = PBXFileReference; lastKnownFileType = text.plist.xml; path = Info.plist; sourceTree = "<group>"; };
		61A2684B1C53DBD00010ADBD /* OneMinuteChangesTests.xctest */ = {isa = PBXFileReference; explicitFileType = wrapper.cfbundle; includeInIndex = 0; path = OneMinuteChangesTests.xctest; sourceTree = BUILT_PRODUCTS_DIR; };
		61A2684F1C53DBD00010ADBD /* OneMinuteChangesTests.swift */ = {isa = PBXFileReference; lastKnownFileType = sourcecode.swift; path = OneMinuteChangesTests.swift; sourceTree = "<group>"; };
		61A268511C53DBD00010ADBD /* Info.plist */ = {isa = PBXFileReference; lastKnownFileType = text.plist.xml; path = Info.plist; sourceTree = "<group>"; };
		61A268561C53DBD00010ADBD /* OneMinuteChangesUITests.xctest */ = {isa = PBXFileReference; explicitFileType = wrapper.cfbundle; includeInIndex = 0; path = OneMinuteChangesUITests.xctest; sourceTree = BUILT_PRODUCTS_DIR; };
		61A2685A1C53DBD00010ADBD /* OneMinuteChangesUITests.swift */ = {isa = PBXFileReference; lastKnownFileType = sourcecode.swift; path = OneMinuteChangesUITests.swift; sourceTree = "<group>"; };
		61A2685C1C53DBD00010ADBD /* Info.plist */ = {isa = PBXFileReference; lastKnownFileType = text.plist.xml; path = Info.plist; sourceTree = "<group>"; };
		61A268981C58820D0010ADBD /* tabIcon.png */ = {isa = PBXFileReference; lastKnownFileType = image.png; path = tabIcon.png; sourceTree = "<group>"; };
		61A2689A1C588A930010ADBD /* Constants.swift */ = {isa = PBXFileReference; fileEncoding = 4; lastKnownFileType = sourcecode.swift; path = Constants.swift; sourceTree = "<group>"; };
		61A2689E1C588DF10010ADBD /* ChordSelectionViewController.swift */ = {isa = PBXFileReference; fileEncoding = 4; lastKnownFileType = sourcecode.swift; path = ChordSelectionViewController.swift; sourceTree = "<group>"; };
		61A268A21C5891880010ADBD /* CustomCells.swift */ = {isa = PBXFileReference; fileEncoding = 4; lastKnownFileType = sourcecode.swift; path = CustomCells.swift; sourceTree = "<group>"; };
		61A268A61C589D230010ADBD /* startButton.png */ = {isa = PBXFileReference; lastKnownFileType = image.png; path = startButton.png; sourceTree = "<group>"; };
		61A268AA1C589D320010ADBD /* pauseButton.png */ = {isa = PBXFileReference; lastKnownFileType = image.png; path = pauseButton.png; sourceTree = "<group>"; };
		61A268AE1C58A58B0010ADBD /* skipButton.png */ = {isa = PBXFileReference; lastKnownFileType = image.png; path = skipButton.png; sourceTree = "<group>"; };
		61A268BD1C5D5F9B0010ADBD /* DataHelper.swift */ = {isa = PBXFileReference; fileEncoding = 4; lastKnownFileType = sourcecode.swift; path = DataHelper.swift; sourceTree = "<group>"; };
		61A268C31C5D62470010ADBD /* Result+CoreDataProperties.swift */ = {isa = PBXFileReference; fileEncoding = 4; lastKnownFileType = sourcecode.swift; path = "Result+CoreDataProperties.swift"; sourceTree = "<group>"; };
		61A268C41C5D62470010ADBD /* Result.swift */ = {isa = PBXFileReference; fileEncoding = 4; lastKnownFileType = sourcecode.swift; path = Result.swift; sourceTree = "<group>"; };
		61A268C51C5D62470010ADBD /* Chord+CoreDataProperties.swift */ = {isa = PBXFileReference; fileEncoding = 4; lastKnownFileType = sourcecode.swift; path = "Chord+CoreDataProperties.swift"; sourceTree = "<group>"; };
		61A268C61C5D62470010ADBD /* Chord.swift */ = {isa = PBXFileReference; fileEncoding = 4; lastKnownFileType = sourcecode.swift; path = Chord.swift; sourceTree = "<group>"; };
		61A268D41C5EFFE40010ADBD /* timer@2x.png */ = {isa = PBXFileReference; lastKnownFileType = image.png; path = "timer@2x.png"; sourceTree = "<group>"; };
		61A268D81C5F003E0010ADBD /* top_charts@2x.png */ = {isa = PBXFileReference; lastKnownFileType = image.png; path = "top_charts@2x.png"; sourceTree = "<group>"; };
		61A268DC1C5F00550010ADBD /* timer@3x.png */ = {isa = PBXFileReference; lastKnownFileType = image.png; path = "timer@3x.png"; sourceTree = "<group>"; };
		61A268DD1C5F00550010ADBD /* top_charts@3x.png */ = {isa = PBXFileReference; lastKnownFileType = image.png; path = "top_charts@3x.png"; sourceTree = "<group>"; };
		61A268E41C5F00970010ADBD /* more@2x.png */ = {isa = PBXFileReference; lastKnownFileType = image.png; path = "more@2x.png"; sourceTree = "<group>"; };
		61A268E81C5F00AE0010ADBD /* more@3x.png */ = {isa = PBXFileReference; lastKnownFileType = image.png; path = "more@3x.png"; sourceTree = "<group>"; };
		61A268EC1C5F00CF0010ADBD /* more.png */ = {isa = PBXFileReference; lastKnownFileType = image.png; path = more.png; sourceTree = "<group>"; };
		61A268ED1C5F00CF0010ADBD /* timer.png */ = {isa = PBXFileReference; lastKnownFileType = image.png; path = timer.png; sourceTree = "<group>"; };
		61A268EE1C5F00CF0010ADBD /* top_charts.png */ = {isa = PBXFileReference; lastKnownFileType = image.png; path = top_charts.png; sourceTree = "<group>"; };
		61A268F81C5F0AF60010ADBD /* resetButton.png */ = {isa = PBXFileReference; lastKnownFileType = image.png; path = resetButton.png; sourceTree = "<group>"; };
		61A268FC1C5F0BB80010ADBD /* nextButton.png */ = {isa = PBXFileReference; lastKnownFileType = image.png; path = nextButton.png; sourceTree = "<group>"; };
		61A269001C5F19E40010ADBD /* OneMinuteChanges-Bridging-Header.h */ = {isa = PBXFileReference; lastKnownFileType = sourcecode.c.h; path = "OneMinuteChanges-Bridging-Header.h"; sourceTree = "<group>"; };
		61A269011C5F19E40010ADBD /* OneMinuteChangesTests-Bridging-Header.h */ = {isa = PBXFileReference; lastKnownFileType = sourcecode.c.h; path = "OneMinuteChangesTests-Bridging-Header.h"; sourceTree = "<group>"; };
		61A269021C5F19E40010ADBD /* OneMinuteChangesUITests-Bridging-Header.h */ = {isa = PBXFileReference; lastKnownFileType = sourcecode.c.h; path = "OneMinuteChangesUITests-Bridging-Header.h"; sourceTree = "<group>"; };
		61A269201C61ADC30010ADBD /* ChordDictionaryViewController.swift */ = {isa = PBXFileReference; fileEncoding = 4; lastKnownFileType = sourcecode.swift; path = ChordDictionaryViewController.swift; sourceTree = "<group>"; };
		61A269241C632FD00010ADBD /* Color.swift */ = {isa = PBXFileReference; fileEncoding = 4; lastKnownFileType = sourcecode.swift; path = Color.swift; sourceTree = "<group>"; };
		61BA4B831C5FACC6008563D0 /* OneMinuteChanges.entitlements */ = {isa = PBXFileReference; lastKnownFileType = text.xml; path = OneMinuteChanges.entitlements; sourceTree = "<group>"; };
		61C702CD1C65079A004571E3 /* OneMinuteChanges 2.xcdatamodel */ = {isa = PBXFileReference; lastKnownFileType = wrapper.xcdatamodel; path = "OneMinuteChanges 2.xcdatamodel"; sourceTree = "<group>"; };
		61C702CE1C693A67004571E3 /* IPAHelper.swift */ = {isa = PBXFileReference; fileEncoding = 4; lastKnownFileType = sourcecode.swift; path = IPAHelper.swift; sourceTree = "<group>"; };
		61F8C9621C56A64200816939 /* TimerLabel.swift */ = {isa = PBXFileReference; fileEncoding = 4; lastKnownFileType = sourcecode.swift; path = TimerLabel.swift; sourceTree = "<group>"; };
		61F8C9691C5A6D0E00816939 /* Extensions.swift */ = {isa = PBXFileReference; fileEncoding = 4; lastKnownFileType = sourcecode.swift; path = Extensions.swift; sourceTree = "<group>"; };
		67F5B06A95074CB309B99A86 /* Pods_OneMinuteChanges.framework */ = {isa = PBXFileReference; explicitFileType = wrapper.framework; includeInIndex = 0; path = Pods_OneMinuteChanges.framework; sourceTree = BUILT_PRODUCTS_DIR; };
		7CDAFCDDD8BF4CA9DF8CABC5 /* Pods-OneMinuteChanges.release.xcconfig */ = {isa = PBXFileReference; includeInIndex = 1; lastKnownFileType = text.xcconfig; name = "Pods-OneMinuteChanges.release.xcconfig"; path = "Pods/Target Support Files/Pods-OneMinuteChanges/Pods-OneMinuteChanges.release.xcconfig"; sourceTree = "<group>"; };
		90CE54279A22C7AC2E99662E /* Pods-OneMinuteChanges.debug.xcconfig */ = {isa = PBXFileReference; includeInIndex = 1; lastKnownFileType = text.xcconfig; name = "Pods-OneMinuteChanges.debug.xcconfig"; path = "Pods/Target Support Files/Pods-OneMinuteChanges/Pods-OneMinuteChanges.debug.xcconfig"; sourceTree = "<group>"; };
		E10B88B41C62789300F569A5 /* ScoreViewController.swift */ = {isa = PBXFileReference; fileEncoding = 4; lastKnownFileType = sourcecode.swift; path = ScoreViewController.swift; sourceTree = "<group>"; };
		E10B88B81C627B3500F569A5 /* BestResultListViewController.swift */ = {isa = PBXFileReference; fileEncoding = 4; lastKnownFileType = sourcecode.swift; path = BestResultListViewController.swift; sourceTree = "<group>"; };
		E11E8B2A1C612F0D00E53BDB /* TabDisplayPopoverViewController.swift */ = {isa = PBXFileReference; fileEncoding = 4; lastKnownFileType = sourcecode.swift; path = TabDisplayPopoverViewController.swift; sourceTree = "<group>"; };
		E173477E1C65571D0006FACE /* icon76.png */ = {isa = PBXFileReference; lastKnownFileType = image.png; name = icon76.png; path = Images/icon76.png; sourceTree = "<group>"; };
		E173477F1C65571D0006FACE /* icon120.png */ = {isa = PBXFileReference; lastKnownFileType = image.png; name = icon120.png; path = Images/icon120.png; sourceTree = "<group>"; };
		E17347801C65571D0006FACE /* icon152.png */ = {isa = PBXFileReference; lastKnownFileType = image.png; name = icon152.png; path = Images/icon152.png; sourceTree = "<group>"; };
		E17347811C65571D0006FACE /* icon180.png */ = {isa = PBXFileReference; lastKnownFileType = image.png; name = icon180.png; path = Images/icon180.png; sourceTree = "<group>"; };
		E17347821C65571D0006FACE /* icon512.png */ = {isa = PBXFileReference; lastKnownFileType = image.png; name = icon512.png; path = Images/icon512.png; sourceTree = "<group>"; };
		E17347831C65571D0006FACE /* icon1024.png */ = {isa = PBXFileReference; lastKnownFileType = image.png; name = icon1024.png; path = Images/icon1024.png; sourceTree = "<group>"; };
/* End PBXFileReference section */

/* Begin PBXFrameworksBuildPhase section */
		61A268311C53DBD00010ADBD /* Frameworks */ = {
			isa = PBXFrameworksBuildPhase;
			buildActionMask = 2147483647;
			files = (
				6136F8EE1C63E0A7007568C5 /* GLKit.framework in Frameworks */,
				6136F8EC1C63E0A0007568C5 /* AudioToolbox.framework in Frameworks */,
				6136F8EA1C63E09C007568C5 /* Accelerate.framework in Frameworks */,
				6136F8E81C63E08D007568C5 /* AVFoundation.framework in Frameworks */,
				6D9FB784B907ABAFFF5D359A /* Pods_OneMinuteChanges.framework in Frameworks */,
			);
			runOnlyForDeploymentPostprocessing = 0;
		};
		61A268481C53DBD00010ADBD /* Frameworks */ = {
			isa = PBXFrameworksBuildPhase;
			buildActionMask = 2147483647;
			files = (
			);
			runOnlyForDeploymentPostprocessing = 0;
		};
		61A268531C53DBD00010ADBD /* Frameworks */ = {
			isa = PBXFrameworksBuildPhase;
			buildActionMask = 2147483647;
			files = (
			);
			runOnlyForDeploymentPostprocessing = 0;
		};
/* End PBXFrameworksBuildPhase section */

/* Begin PBXGroup section */
		2F63310307C00A9C1834EF15 /* Pods */ = {
			isa = PBXGroup;
			children = (
				90CE54279A22C7AC2E99662E /* Pods-OneMinuteChanges.debug.xcconfig */,
				7CDAFCDDD8BF4CA9DF8CABC5 /* Pods-OneMinuteChanges.release.xcconfig */,
			);
			name = Pods;
			sourceTree = "<group>";
		};
		614AFB911C6150E0009ED3F2 /* Tabs */ = {
			isa = PBXGroup;
			children = (
				614AFB9C1C6150FF009ED3F2 /* Ctab.png */,
				614AFB9D1C6150FF009ED3F2 /* D7tab.png */,
				614AFB9E1C6150FF009ED3F2 /* DminTab.png */,
				614AFB9F1C6150FF009ED3F2 /* Dtab.png */,
				614AFBA01C6150FF009ED3F2 /* E7tab.png */,
				614AFBA11C6150FF009ED3F2 /* Emintab.png */,
				614AFBA21C6150FF009ED3F2 /* Etab.png */,
				614AFBA31C6150FF009ED3F2 /* Fmaj7tab.png */,
				614AFBA41C6150FF009ED3F2 /* Ftab.png */,
				614AFBA51C6150FF009ED3F2 /* G7tab.png */,
				614AFBA61C6150FF009ED3F2 /* Gtab.png */,
				614AFB921C6150ED009ED3F2 /* A7tab.png */,
				614AFB931C6150ED009ED3F2 /* Amintab.png */,
				614AFB941C6150ED009ED3F2 /* Atab.png */,
				614AFB951C6150ED009ED3F2 /* B7tab.png */,
				614AFB961C6150ED009ED3F2 /* C7tab.png */,
			);
			name = Tabs;
			sourceTree = "<group>";
		};
		615C05BD1C5FC02F000F4996 /* Sounds */ = {
			isa = PBXGroup;
			children = (
				615C05BE1C5FC039000F4996 /* beep-07.wav */,
			);
			name = Sounds;
			sourceTree = "<group>";
		};
		6167E73C1C63CE950012EE71 /* View Controllers */ = {
			isa = PBXGroup;
			children = (
				61A268391C53DBD00010ADBD /* TrainingViewController.swift */,
				61A2689E1C588DF10010ADBD /* ChordSelectionViewController.swift */,
				6156EBAD1C5BF16200F2D78F /* ChordListPopoverViewController.swift */,
				61A269201C61ADC30010ADBD /* ChordDictionaryViewController.swift */,
				E11E8B2A1C612F0D00E53BDB /* TabDisplayPopoverViewController.swift */,
				E10B88B41C62789300F569A5 /* ScoreViewController.swift */,
				E10B88B81C627B3500F569A5 /* BestResultListViewController.swift */,
				61C702CE1C693A67004571E3 /* IPAHelper.swift */,
			);
			name = "View Controllers";
			sourceTree = "<group>";
		};
		61A2682B1C53DBD00010ADBD = {
			isa = PBXGroup;
			children = (
				61A268361C53DBD00010ADBD /* OneMinuteChanges */,
				61A2684E1C53DBD00010ADBD /* OneMinuteChangesTests */,
				61A268591C53DBD00010ADBD /* OneMinuteChangesUITests */,
				61A268351C53DBD00010ADBD /* Products */,
				2F63310307C00A9C1834EF15 /* Pods */,
				7C68F7EB2FE8D9AE32A75AF7 /* Frameworks */,
			);
			sourceTree = "<group>";
		};
		61A268351C53DBD00010ADBD /* Products */ = {
			isa = PBXGroup;
			children = (
				61A268341C53DBD00010ADBD /* OneMinuteChanges.app */,
				61A2684B1C53DBD00010ADBD /* OneMinuteChangesTests.xctest */,
				61A268561C53DBD00010ADBD /* OneMinuteChangesUITests.xctest */,
			);
			name = Products;
			sourceTree = "<group>";
		};
		61A268361C53DBD00010ADBD /* OneMinuteChanges */ = {
			isa = PBXGroup;
			children = (
				615C05BD1C5FC02F000F4996 /* Sounds */,
				61BA4B831C5FACC6008563D0 /* OneMinuteChanges.entitlements */,
				61F8C9681C5A6D0400816939 /* Extensions */,
				61A268681C5881D60010ADBD /* Images */,
				61F8C9611C569FEA00816939 /* Timer */,
				61A268B41C5D5F6A0010ADBD /* Data */,
				6167E73C1C63CE950012EE71 /* View Controllers */,
				61A2683B1C53DBD00010ADBD /* Main.storyboard */,
				61A268411C53DBD00010ADBD /* Assets.xcassets */,
				61A268431C53DBD00010ADBD /* LaunchScreen.storyboard */,
				61A268461C53DBD00010ADBD /* Info.plist */,
				61A268371C53DBD00010ADBD /* AppDelegate.swift */,
				61A2689A1C588A930010ADBD /* Constants.swift */,
				61A269241C632FD00010ADBD /* Color.swift */,
				61A268A21C5891880010ADBD /* CustomCells.swift */,
				61A269081C5F1A120010ADBD /* Supporting Files */,
			);
			path = OneMinuteChanges;
			sourceTree = "<group>";
		};
		61A2684E1C53DBD00010ADBD /* OneMinuteChangesTests */ = {
			isa = PBXGroup;
			children = (
				61A2684F1C53DBD00010ADBD /* OneMinuteChangesTests.swift */,
				61A268511C53DBD00010ADBD /* Info.plist */,
			);
			path = OneMinuteChangesTests;
			sourceTree = "<group>";
		};
		61A268591C53DBD00010ADBD /* OneMinuteChangesUITests */ = {
			isa = PBXGroup;
			children = (
				61A2685A1C53DBD00010ADBD /* OneMinuteChangesUITests.swift */,
				61A2685C1C53DBD00010ADBD /* Info.plist */,
			);
			path = OneMinuteChangesUITests;
			sourceTree = "<group>";
		};
		61A268681C5881D60010ADBD /* Images */ = {
			isa = PBXGroup;
			children = (
				E173477D1C65570E0006FACE /* App Icon */,
				614AFB911C6150E0009ED3F2 /* Tabs */,
				61A268FC1C5F0BB80010ADBD /* nextButton.png */,
				61A268F81C5F0AF60010ADBD /* resetButton.png */,
				61A268D31C5EFFA00010ADBD /* Icons */,
				61A268AE1C58A58B0010ADBD /* skipButton.png */,
				61A268AA1C589D320010ADBD /* pauseButton.png */,
				61A268A61C589D230010ADBD /* startButton.png */,
				61A268981C58820D0010ADBD /* tabIcon.png */,
			);
			name = Images;
			sourceTree = "<group>";
		};
		61A268B41C5D5F6A0010ADBD /* Data */ = {
			isa = PBXGroup;
			children = (
				61A268BD1C5D5F9B0010ADBD /* DataHelper.swift */,
				61A2683E1C53DBD00010ADBD /* OneMinuteChanges.xcdatamodeld */,
				61A268C31C5D62470010ADBD /* Result+CoreDataProperties.swift */,
				61A268C41C5D62470010ADBD /* Result.swift */,
				61A268C51C5D62470010ADBD /* Chord+CoreDataProperties.swift */,
				61A268C61C5D62470010ADBD /* Chord.swift */,
			);
			name = Data;
			sourceTree = "<group>";
		};
		61A268D31C5EFFA00010ADBD /* Icons */ = {
			isa = PBXGroup;
			children = (
				61A268EC1C5F00CF0010ADBD /* more.png */,
				61A268ED1C5F00CF0010ADBD /* timer.png */,
				61A268EE1C5F00CF0010ADBD /* top_charts.png */,
				61A268E81C5F00AE0010ADBD /* more@3x.png */,
				61A268E41C5F00970010ADBD /* more@2x.png */,
				61A268DC1C5F00550010ADBD /* timer@3x.png */,
				61A268DD1C5F00550010ADBD /* top_charts@3x.png */,
				61A268D81C5F003E0010ADBD /* top_charts@2x.png */,
				61A268D41C5EFFE40010ADBD /* timer@2x.png */,
			);
			name = Icons;
			sourceTree = "<group>";
		};
		61A269081C5F1A120010ADBD /* Supporting Files */ = {
			isa = PBXGroup;
			children = (
				61A269001C5F19E40010ADBD /* OneMinuteChanges-Bridging-Header.h */,
				61A269011C5F19E40010ADBD /* OneMinuteChangesTests-Bridging-Header.h */,
				61A269021C5F19E40010ADBD /* OneMinuteChangesUITests-Bridging-Header.h */,
			);
			name = "Supporting Files";
			sourceTree = "<group>";
		};
		61F8C9611C569FEA00816939 /* Timer */ = {
			isa = PBXGroup;
			children = (
				61F8C9621C56A64200816939 /* TimerLabel.swift */,
			);
			name = Timer;
			sourceTree = "<group>";
		};
		61F8C9681C5A6D0400816939 /* Extensions */ = {
			isa = PBXGroup;
			children = (
				61F8C9691C5A6D0E00816939 /* Extensions.swift */,
			);
			name = Extensions;
			sourceTree = "<group>";
		};
		7C68F7EB2FE8D9AE32A75AF7 /* Frameworks */ = {
			isa = PBXGroup;
			children = (
				6136F8ED1C63E0A7007568C5 /* GLKit.framework */,
				6136F8EB1C63E0A0007568C5 /* AudioToolbox.framework */,
				6136F8E91C63E09C007568C5 /* Accelerate.framework */,
				6136F8E71C63E08D007568C5 /* AVFoundation.framework */,
				67F5B06A95074CB309B99A86 /* Pods_OneMinuteChanges.framework */,
			);
			name = Frameworks;
			sourceTree = "<group>";
		};
		E173477D1C65570E0006FACE /* App Icon */ = {
			isa = PBXGroup;
			children = (
				E173477E1C65571D0006FACE /* icon76.png */,
				E173477F1C65571D0006FACE /* icon120.png */,
				E17347801C65571D0006FACE /* icon152.png */,
				E17347811C65571D0006FACE /* icon180.png */,
				E17347821C65571D0006FACE /* icon512.png */,
				E17347831C65571D0006FACE /* icon1024.png */,
			);
			name = "App Icon";
			sourceTree = "<group>";
		};
/* End PBXGroup section */

/* Begin PBXNativeTarget section */
		61A268331C53DBD00010ADBD /* OneMinuteChanges */ = {
			isa = PBXNativeTarget;
			buildConfigurationList = 61A2685F1C53DBD00010ADBD /* Build configuration list for PBXNativeTarget "OneMinuteChanges" */;
			buildPhases = (
				8E53EC9A3BAB815DAA4545D7 /* Check Pods Manifest.lock */,
				61A268301C53DBD00010ADBD /* Sources */,
				61A268311C53DBD00010ADBD /* Frameworks */,
				61A268321C53DBD00010ADBD /* Resources */,
				FCF09F5D0BEABAFB4D727B6C /* Embed Pods Frameworks */,
				B4EDA034AD96DD7D2159F4AA /* Copy Pods Resources */,
			);
			buildRules = (
			);
			dependencies = (
			);
			name = OneMinuteChanges;
			productName = OneMinuteChanges;
			productReference = 61A268341C53DBD00010ADBD /* OneMinuteChanges.app */;
			productType = "com.apple.product-type.application";
		};
		61A2684A1C53DBD00010ADBD /* OneMinuteChangesTests */ = {
			isa = PBXNativeTarget;
			buildConfigurationList = 61A268621C53DBD00010ADBD /* Build configuration list for PBXNativeTarget "OneMinuteChangesTests" */;
			buildPhases = (
				61A268471C53DBD00010ADBD /* Sources */,
				61A268481C53DBD00010ADBD /* Frameworks */,
				61A268491C53DBD00010ADBD /* Resources */,
			);
			buildRules = (
			);
			dependencies = (
				61A2684D1C53DBD00010ADBD /* PBXTargetDependency */,
			);
			name = OneMinuteChangesTests;
			productName = OneMinuteChangesTests;
			productReference = 61A2684B1C53DBD00010ADBD /* OneMinuteChangesTests.xctest */;
			productType = "com.apple.product-type.bundle.unit-test";
		};
		61A268551C53DBD00010ADBD /* OneMinuteChangesUITests */ = {
			isa = PBXNativeTarget;
			buildConfigurationList = 61A268651C53DBD00010ADBD /* Build configuration list for PBXNativeTarget "OneMinuteChangesUITests" */;
			buildPhases = (
				61A268521C53DBD00010ADBD /* Sources */,
				61A268531C53DBD00010ADBD /* Frameworks */,
				61A268541C53DBD00010ADBD /* Resources */,
			);
			buildRules = (
			);
			dependencies = (
				61A268581C53DBD00010ADBD /* PBXTargetDependency */,
			);
			name = OneMinuteChangesUITests;
			productName = OneMinuteChangesUITests;
			productReference = 61A268561C53DBD00010ADBD /* OneMinuteChangesUITests.xctest */;
			productType = "com.apple.product-type.bundle.ui-testing";
		};
/* End PBXNativeTarget section */

/* Begin PBXProject section */
		61A2682C1C53DBD00010ADBD /* Project object */ = {
			isa = PBXProject;
			attributes = {
				LastSwiftUpdateCheck = 0720;
				LastUpgradeCheck = 0720;
				ORGANIZATIONNAME = europaSoftware;
				TargetAttributes = {
					61A268331C53DBD00010ADBD = {
						CreatedOnToolsVersion = 7.2;
						DevelopmentTeam = YMJJF4LH5P;
						SystemCapabilities = {
							com.apple.iCloud = {
								enabled = 1;
							};
						};
					};
					61A2684A1C53DBD00010ADBD = {
						CreatedOnToolsVersion = 7.2;
						TestTargetID = 61A268331C53DBD00010ADBD;
					};
					61A268551C53DBD00010ADBD = {
						CreatedOnToolsVersion = 7.2;
						TestTargetID = 61A268331C53DBD00010ADBD;
					};
				};
			};
			buildConfigurationList = 61A2682F1C53DBD00010ADBD /* Build configuration list for PBXProject "OneMinuteChanges" */;
			compatibilityVersion = "Xcode 3.2";
			developmentRegion = English;
			hasScannedForEncodings = 0;
			knownRegions = (
				en,
				Base,
			);
			mainGroup = 61A2682B1C53DBD00010ADBD;
			productRefGroup = 61A268351C53DBD00010ADBD /* Products */;
			projectDirPath = "";
			projectRoot = "";
			targets = (
				61A268331C53DBD00010ADBD /* OneMinuteChanges */,
				61A2684A1C53DBD00010ADBD /* OneMinuteChangesTests */,
				61A268551C53DBD00010ADBD /* OneMinuteChangesUITests */,
			);
		};
/* End PBXProject section */

/* Begin PBXResourcesBuildPhase section */
		61A268321C53DBD00010ADBD /* Resources */ = {
			isa = PBXResourcesBuildPhase;
			buildActionMask = 2147483647;
			files = (
				61A268AF1C58A58B0010ADBD /* skipButton.png in Resources */,
				E17347891C65571D0006FACE /* icon1024.png in Resources */,
				61A268A71C589D230010ADBD /* startButton.png in Resources */,
				614AFBA71C6150FF009ED3F2 /* Ctab.png in Resources */,
				614AFB9A1C6150ED009ED3F2 /* B7tab.png in Resources */,
				61A268D51C5EFFE50010ADBD /* timer@2x.png in Resources */,
				61A268E51C5F00970010ADBD /* more@2x.png in Resources */,
				61A268451C53DBD00010ADBD /* LaunchScreen.storyboard in Resources */,
				614AFBB01C6150FF009ED3F2 /* G7tab.png in Resources */,
				61A268E91C5F00AE0010ADBD /* more@3x.png in Resources */,
				61A268AB1C589D320010ADBD /* pauseButton.png in Resources */,
				61A268F91C5F0AF60010ADBD /* resetButton.png in Resources */,
				614AFBA91C6150FF009ED3F2 /* DminTab.png in Resources */,
				614AFBAE1C6150FF009ED3F2 /* Fmaj7tab.png in Resources */,
				61A268E11C5F00550010ADBD /* top_charts@3x.png in Resources */,
				61A268F51C5F00CF0010ADBD /* top_charts.png in Resources */,
				E17347881C65571D0006FACE /* icon512.png in Resources */,
				61A268F21C5F00CF0010ADBD /* timer.png in Resources */,
				614AFBAF1C6150FF009ED3F2 /* Ftab.png in Resources */,
				614AFBAB1C6150FF009ED3F2 /* E7tab.png in Resources */,
				615C05BF1C5FC039000F4996 /* beep-07.wav in Resources */,
				E17347851C65571D0006FACE /* icon120.png in Resources */,
				E17347841C65571D0006FACE /* icon76.png in Resources */,
				614AFBAD1C6150FF009ED3F2 /* Etab.png in Resources */,
				614AFBA81C6150FF009ED3F2 /* D7tab.png in Resources */,
				E17347871C65571D0006FACE /* icon180.png in Resources */,
				61A268D91C5F003E0010ADBD /* top_charts@2x.png in Resources */,
				61A268FD1C5F0BB80010ADBD /* nextButton.png in Resources */,
				614AFBAA1C6150FF009ED3F2 /* Dtab.png in Resources */,
				614AFB981C6150ED009ED3F2 /* Amintab.png in Resources */,
				E17347861C65571D0006FACE /* icon152.png in Resources */,
				61A268421C53DBD00010ADBD /* Assets.xcassets in Resources */,
				61A268991C58820D0010ADBD /* tabIcon.png in Resources */,
				614AFBB11C6150FF009ED3F2 /* Gtab.png in Resources */,
				61A2683D1C53DBD00010ADBD /* Main.storyboard in Resources */,
				614AFBAC1C6150FF009ED3F2 /* Emintab.png in Resources */,
				61A268EF1C5F00CF0010ADBD /* more.png in Resources */,
				614AFB991C6150ED009ED3F2 /* Atab.png in Resources */,
				614AFB9B1C6150ED009ED3F2 /* C7tab.png in Resources */,
				61A268DE1C5F00550010ADBD /* timer@3x.png in Resources */,
				614AFB971C6150ED009ED3F2 /* A7tab.png in Resources */,
			);
			runOnlyForDeploymentPostprocessing = 0;
		};
		61A268491C53DBD00010ADBD /* Resources */ = {
			isa = PBXResourcesBuildPhase;
			buildActionMask = 2147483647;
			files = (
				61A268B01C58A58B0010ADBD /* skipButton.png in Resources */,
				61A268E21C5F00550010ADBD /* top_charts@3x.png in Resources */,
				61A268FE1C5F0BB80010ADBD /* nextButton.png in Resources */,
				61A268AC1C589D320010ADBD /* pauseButton.png in Resources */,
				61A268FA1C5F0AF60010ADBD /* resetButton.png in Resources */,
				61A268EA1C5F00AE0010ADBD /* more@3x.png in Resources */,
				61A268E61C5F00970010ADBD /* more@2x.png in Resources */,
				61A268D61C5EFFE50010ADBD /* timer@2x.png in Resources */,
				61A268F01C5F00CF0010ADBD /* more.png in Resources */,
				61A268DF1C5F00550010ADBD /* timer@3x.png in Resources */,
				61A268F61C5F00CF0010ADBD /* top_charts.png in Resources */,
				61A268DA1C5F003E0010ADBD /* top_charts@2x.png in Resources */,
				61A268F31C5F00CF0010ADBD /* timer.png in Resources */,
				61A268A81C589D230010ADBD /* startButton.png in Resources */,
			);
			runOnlyForDeploymentPostprocessing = 0;
		};
		61A268541C53DBD00010ADBD /* Resources */ = {
			isa = PBXResourcesBuildPhase;
			buildActionMask = 2147483647;
			files = (
				61A268B11C58A58B0010ADBD /* skipButton.png in Resources */,
				61A268E31C5F00550010ADBD /* top_charts@3x.png in Resources */,
				61A268FF1C5F0BB80010ADBD /* nextButton.png in Resources */,
				61A268AD1C589D320010ADBD /* pauseButton.png in Resources */,
				61A268FB1C5F0AF60010ADBD /* resetButton.png in Resources */,
				61A268EB1C5F00AE0010ADBD /* more@3x.png in Resources */,
				61A268E71C5F00970010ADBD /* more@2x.png in Resources */,
				61A268D71C5EFFE50010ADBD /* timer@2x.png in Resources */,
				61A268F11C5F00CF0010ADBD /* more.png in Resources */,
				61A268E01C5F00550010ADBD /* timer@3x.png in Resources */,
				61A268F71C5F00CF0010ADBD /* top_charts.png in Resources */,
				61A268DB1C5F003E0010ADBD /* top_charts@2x.png in Resources */,
				61A268F41C5F00CF0010ADBD /* timer.png in Resources */,
				61A268A91C589D230010ADBD /* startButton.png in Resources */,
			);
			runOnlyForDeploymentPostprocessing = 0;
		};
/* End PBXResourcesBuildPhase section */

/* Begin PBXShellScriptBuildPhase section */
		8E53EC9A3BAB815DAA4545D7 /* Check Pods Manifest.lock */ = {
			isa = PBXShellScriptBuildPhase;
			buildActionMask = 2147483647;
			files = (
			);
			inputPaths = (
			);
			name = "Check Pods Manifest.lock";
			outputPaths = (
			);
			runOnlyForDeploymentPostprocessing = 0;
			shellPath = /bin/sh;
			shellScript = "diff \"${PODS_ROOT}/../Podfile.lock\" \"${PODS_ROOT}/Manifest.lock\" > /dev/null\nif [[ $? != 0 ]] ; then\n    cat << EOM\nerror: The sandbox is not in sync with the Podfile.lock. Run 'pod install' or update your CocoaPods installation.\nEOM\n    exit 1\nfi\n";
			showEnvVarsInLog = 0;
		};
		B4EDA034AD96DD7D2159F4AA /* Copy Pods Resources */ = {
			isa = PBXShellScriptBuildPhase;
			buildActionMask = 2147483647;
			files = (
			);
			inputPaths = (
			);
			name = "Copy Pods Resources";
			outputPaths = (
			);
			runOnlyForDeploymentPostprocessing = 0;
			shellPath = /bin/sh;
			shellScript = "\"${SRCROOT}/Pods/Target Support Files/Pods-OneMinuteChanges/Pods-OneMinuteChanges-resources.sh\"\n";
			showEnvVarsInLog = 0;
		};
		FCF09F5D0BEABAFB4D727B6C /* Embed Pods Frameworks */ = {
			isa = PBXShellScriptBuildPhase;
			buildActionMask = 2147483647;
			files = (
			);
			inputPaths = (
			);
			name = "Embed Pods Frameworks";
			outputPaths = (
			);
			runOnlyForDeploymentPostprocessing = 0;
			shellPath = /bin/sh;
			shellScript = "\"${SRCROOT}/Pods/Target Support Files/Pods-OneMinuteChanges/Pods-OneMinuteChanges-frameworks.sh\"\n";
			showEnvVarsInLog = 0;
		};
/* End PBXShellScriptBuildPhase section */

/* Begin PBXSourcesBuildPhase section */
		61A268301C53DBD00010ADBD /* Sources */ = {
			isa = PBXSourcesBuildPhase;
			buildActionMask = 2147483647;
			files = (
				61A2689B1C588A930010ADBD /* Constants.swift in Sources */,
				61F8C9631C56A64200816939 /* TimerLabel.swift in Sources */,
				61A2683A1C53DBD00010ADBD /* TrainingViewController.swift in Sources */,
				61F8C96A1C5A6D0E00816939 /* Extensions.swift in Sources */,
				61A268C71C5D62470010ADBD /* Result+CoreDataProperties.swift in Sources */,
				61A268A31C5891880010ADBD /* CustomCells.swift in Sources */,
				61A268D01C5D62470010ADBD /* Chord.swift in Sources */,
				61A268CA1C5D62470010ADBD /* Result.swift in Sources */,
				61A268381C53DBD00010ADBD /* AppDelegate.swift in Sources */,
				61A268CD1C5D62470010ADBD /* Chord+CoreDataProperties.swift in Sources */,
				61A2689F1C588DF10010ADBD /* ChordSelectionViewController.swift in Sources */,
				61A269251C632FD00010ADBD /* Color.swift in Sources */,
				E10B88B91C627B3500F569A5 /* BestResultListViewController.swift in Sources */,
				61A269211C61ADC30010ADBD /* ChordDictionaryViewController.swift in Sources */,
				6156EBAE1C5BF16200F2D78F /* ChordListPopoverViewController.swift in Sources */,
				E10B88B51C62789300F569A5 /* ScoreViewController.swift in Sources */,
				E11E8B2B1C612F0D00E53BDB /* TabDisplayPopoverViewController.swift in Sources */,
				61A268BE1C5D5F9B0010ADBD /* DataHelper.swift in Sources */,
				61C702CF1C693A67004571E3 /* IPAHelper.swift in Sources */,
				61A268401C53DBD00010ADBD /* OneMinuteChanges.xcdatamodeld in Sources */,
			);
			runOnlyForDeploymentPostprocessing = 0;
		};
		61A268471C53DBD00010ADBD /* Sources */ = {
			isa = PBXSourcesBuildPhase;
			buildActionMask = 2147483647;
			files = (
				61A268C11C5D603C0010ADBD /* AppDelegate.swift in Sources */,
				61F8C9661C57BCEE00816939 /* TrainingViewController.swift in Sources */,
				61F8C9641C57BCE800816939 /* TimerLabel.swift in Sources */,
				61A268501C53DBD00010ADBD /* OneMinuteChangesTests.swift in Sources */,
				61A268C81C5D62470010ADBD /* Result+CoreDataProperties.swift in Sources */,
				61A268A01C588DF10010ADBD /* ChordSelectionViewController.swift in Sources */,
				61A268D11C5D62470010ADBD /* Chord.swift in Sources */,
				61A268CB1C5D62470010ADBD /* Result.swift in Sources */,
				61A268A41C5891880010ADBD /* CustomCells.swift in Sources */,
				61A268CE1C5D62470010ADBD /* Chord+CoreDataProperties.swift in Sources */,
				6156EBAF1C5BF16200F2D78F /* ChordListPopoverViewController.swift in Sources */,
				61A269261C6330150010ADBD /* Color.swift in Sources */,
				E10B88BA1C627B3500F569A5 /* BestResultListViewController.swift in Sources */,
				61A269221C61ADC30010ADBD /* ChordDictionaryViewController.swift in Sources */,
				61A268BF1C5D5F9B0010ADBD /* DataHelper.swift in Sources */,
				E10B88B61C62789300F569A5 /* ScoreViewController.swift in Sources */,
				E11E8B2C1C612F0D00E53BDB /* TabDisplayPopoverViewController.swift in Sources */,
				61A2689C1C588BD70010ADBD /* Constants.swift in Sources */,
				61C702D01C693A67004571E3 /* IPAHelper.swift in Sources */,
				61A268B21C5B2BC70010ADBD /* Extensions.swift in Sources */,
			);
			runOnlyForDeploymentPostprocessing = 0;
		};
		61A268521C53DBD00010ADBD /* Sources */ = {
			isa = PBXSourcesBuildPhase;
			buildActionMask = 2147483647;
			files = (
				61A268C21C5D603D0010ADBD /* AppDelegate.swift in Sources */,
				61F8C9671C57BCEE00816939 /* TrainingViewController.swift in Sources */,
				61F8C9651C57BCE800816939 /* TimerLabel.swift in Sources */,
				61A2685B1C53DBD00010ADBD /* OneMinuteChangesUITests.swift in Sources */,
				61A268C91C5D62470010ADBD /* Result+CoreDataProperties.swift in Sources */,
				61A268A11C588DF10010ADBD /* ChordSelectionViewController.swift in Sources */,
				61A268D21C5D62470010ADBD /* Chord.swift in Sources */,
				61A268CC1C5D62470010ADBD /* Result.swift in Sources */,
				61A268A51C5891880010ADBD /* CustomCells.swift in Sources */,
				61A268CF1C5D62470010ADBD /* Chord+CoreDataProperties.swift in Sources */,
				6156EBB01C5BF16200F2D78F /* ChordListPopoverViewController.swift in Sources */,
				61A269271C6330150010ADBD /* Color.swift in Sources */,
				E10B88BB1C627B3500F569A5 /* BestResultListViewController.swift in Sources */,
				61A269231C61ADC30010ADBD /* ChordDictionaryViewController.swift in Sources */,
				61A268C01C5D5F9B0010ADBD /* DataHelper.swift in Sources */,
				E10B88B71C62789300F569A5 /* ScoreViewController.swift in Sources */,
				E11E8B2D1C612F0D00E53BDB /* TabDisplayPopoverViewController.swift in Sources */,
				61A2689D1C588BD70010ADBD /* Constants.swift in Sources */,
				61C702D11C693A67004571E3 /* IPAHelper.swift in Sources */,
				61A268B31C5B2BC80010ADBD /* Extensions.swift in Sources */,
			);
			runOnlyForDeploymentPostprocessing = 0;
		};
/* End PBXSourcesBuildPhase section */

/* Begin PBXTargetDependency section */
		61A2684D1C53DBD00010ADBD /* PBXTargetDependency */ = {
			isa = PBXTargetDependency;
			target = 61A268331C53DBD00010ADBD /* OneMinuteChanges */;
			targetProxy = 61A2684C1C53DBD00010ADBD /* PBXContainerItemProxy */;
		};
		61A268581C53DBD00010ADBD /* PBXTargetDependency */ = {
			isa = PBXTargetDependency;
			target = 61A268331C53DBD00010ADBD /* OneMinuteChanges */;
			targetProxy = 61A268571C53DBD00010ADBD /* PBXContainerItemProxy */;
		};
/* End PBXTargetDependency section */

/* Begin PBXVariantGroup section */
		61A2683B1C53DBD00010ADBD /* Main.storyboard */ = {
			isa = PBXVariantGroup;
			children = (
				61A2683C1C53DBD00010ADBD /* Base */,
			);
			name = Main.storyboard;
			sourceTree = "<group>";
		};
		61A268431C53DBD00010ADBD /* LaunchScreen.storyboard */ = {
			isa = PBXVariantGroup;
			children = (
				61A268441C53DBD00010ADBD /* Base */,
			);
			name = LaunchScreen.storyboard;
			sourceTree = "<group>";
		};
/* End PBXVariantGroup section */

/* Begin XCBuildConfiguration section */
		61A2685D1C53DBD00010ADBD /* Debug */ = {
			isa = XCBuildConfiguration;
			buildSettings = {
				ALWAYS_SEARCH_USER_PATHS = NO;
				CLANG_CXX_LANGUAGE_STANDARD = "gnu++0x";
				CLANG_CXX_LIBRARY = "libc++";
				CLANG_ENABLE_MODULES = YES;
				CLANG_ENABLE_OBJC_ARC = YES;
				CLANG_WARN_BOOL_CONVERSION = YES;
				CLANG_WARN_CONSTANT_CONVERSION = YES;
				CLANG_WARN_DIRECT_OBJC_ISA_USAGE = YES_ERROR;
				CLANG_WARN_EMPTY_BODY = YES;
				CLANG_WARN_ENUM_CONVERSION = YES;
				CLANG_WARN_INT_CONVERSION = YES;
				CLANG_WARN_OBJC_ROOT_CLASS = YES_ERROR;
				CLANG_WARN_UNREACHABLE_CODE = YES;
				CLANG_WARN__DUPLICATE_METHOD_MATCH = YES;
				"CODE_SIGN_IDENTITY[sdk=iphoneos*]" = "iPhone Developer";
				COPY_PHASE_STRIP = NO;
				DEBUG_INFORMATION_FORMAT = dwarf;
				ENABLE_STRICT_OBJC_MSGSEND = YES;
				ENABLE_TESTABILITY = YES;
				GCC_C_LANGUAGE_STANDARD = gnu99;
				GCC_DYNAMIC_NO_PIC = NO;
				GCC_NO_COMMON_BLOCKS = YES;
				GCC_OPTIMIZATION_LEVEL = 0;
				GCC_PREPROCESSOR_DEFINITIONS = (
					"DEBUG=1",
					"$(inherited)",
				);
				GCC_WARN_64_TO_32_BIT_CONVERSION = YES;
				GCC_WARN_ABOUT_RETURN_TYPE = YES_ERROR;
				GCC_WARN_UNDECLARED_SELECTOR = YES;
				GCC_WARN_UNINITIALIZED_AUTOS = YES_AGGRESSIVE;
				GCC_WARN_UNUSED_FUNCTION = YES;
				GCC_WARN_UNUSED_VARIABLE = YES;
				IPHONEOS_DEPLOYMENT_TARGET = 9.2;
				MTL_ENABLE_DEBUG_INFO = YES;
				ONLY_ACTIVE_ARCH = YES;
				SDKROOT = iphoneos;
				SWIFT_OPTIMIZATION_LEVEL = "-Onone";
				TARGETED_DEVICE_FAMILY = "1,2";
			};
			name = Debug;
		};
		61A2685E1C53DBD00010ADBD /* Release */ = {
			isa = XCBuildConfiguration;
			buildSettings = {
				ALWAYS_SEARCH_USER_PATHS = NO;
				CLANG_CXX_LANGUAGE_STANDARD = "gnu++0x";
				CLANG_CXX_LIBRARY = "libc++";
				CLANG_ENABLE_MODULES = YES;
				CLANG_ENABLE_OBJC_ARC = YES;
				CLANG_WARN_BOOL_CONVERSION = YES;
				CLANG_WARN_CONSTANT_CONVERSION = YES;
				CLANG_WARN_DIRECT_OBJC_ISA_USAGE = YES_ERROR;
				CLANG_WARN_EMPTY_BODY = YES;
				CLANG_WARN_ENUM_CONVERSION = YES;
				CLANG_WARN_INT_CONVERSION = YES;
				CLANG_WARN_OBJC_ROOT_CLASS = YES_ERROR;
				CLANG_WARN_UNREACHABLE_CODE = YES;
				CLANG_WARN__DUPLICATE_METHOD_MATCH = YES;
				"CODE_SIGN_IDENTITY[sdk=iphoneos*]" = "iPhone Developer";
				COPY_PHASE_STRIP = NO;
				DEBUG_INFORMATION_FORMAT = "dwarf-with-dsym";
				ENABLE_NS_ASSERTIONS = NO;
				ENABLE_STRICT_OBJC_MSGSEND = YES;
				GCC_C_LANGUAGE_STANDARD = gnu99;
				GCC_NO_COMMON_BLOCKS = YES;
				GCC_WARN_64_TO_32_BIT_CONVERSION = YES;
				GCC_WARN_ABOUT_RETURN_TYPE = YES_ERROR;
				GCC_WARN_UNDECLARED_SELECTOR = YES;
				GCC_WARN_UNINITIALIZED_AUTOS = YES_AGGRESSIVE;
				GCC_WARN_UNUSED_FUNCTION = YES;
				GCC_WARN_UNUSED_VARIABLE = YES;
				IPHONEOS_DEPLOYMENT_TARGET = 9.2;
				MTL_ENABLE_DEBUG_INFO = NO;
				SDKROOT = iphoneos;
				TARGETED_DEVICE_FAMILY = "1,2";
				VALIDATE_PRODUCT = YES;
			};
			name = Release;
		};
		61A268601C53DBD00010ADBD /* Debug */ = {
			isa = XCBuildConfiguration;
			baseConfigurationReference = 90CE54279A22C7AC2E99662E /* Pods-OneMinuteChanges.debug.xcconfig */;
			buildSettings = {
				ASSETCATALOG_COMPILER_APPICON_NAME = AppIcon;
				CLANG_ENABLE_MODULES = YES;
				CODE_SIGN_ENTITLEMENTS = OneMinuteChanges/OneMinuteChanges.entitlements;
				CODE_SIGN_IDENTITY = "iPhone Developer";
				"CODE_SIGN_IDENTITY[sdk=iphoneos*]" = "iPhone Developer";
				HEADER_SEARCH_PATHS = "\"$(SRCROOT)/Pods/Headers\"/**";
				INFOPLIST_FILE = OneMinuteChanges/Info.plist;
				IPHONEOS_DEPLOYMENT_TARGET = 9.0;
				LD_RUNPATH_SEARCH_PATHS = "$(inherited) @executable_path/Frameworks";
				PRODUCT_BUNDLE_IDENTIFIER = com.europaSoftware.OneMinuteChanges;
				PRODUCT_NAME = "$(TARGET_NAME)";
				PROVISIONING_PROFILE = "";
				SWIFT_OBJC_BRIDGING_HEADER = "OneMinuteChanges/OneMinuteChanges-Bridging-Header.h";
				SWIFT_OPTIMIZATION_LEVEL = "-Onone";
			};
			name = Debug;
		};
		61A268611C53DBD00010ADBD /* Release */ = {
			isa = XCBuildConfiguration;
			baseConfigurationReference = 7CDAFCDDD8BF4CA9DF8CABC5 /* Pods-OneMinuteChanges.release.xcconfig */;
			buildSettings = {
				ASSETCATALOG_COMPILER_APPICON_NAME = AppIcon;
				CLANG_ENABLE_MODULES = YES;
				CODE_SIGN_ENTITLEMENTS = OneMinuteChanges/OneMinuteChanges.entitlements;
				CODE_SIGN_IDENTITY = "iPhone Distribution";
				"CODE_SIGN_IDENTITY[sdk=iphoneos*]" = "iPhone Distribution";
				HEADER_SEARCH_PATHS = "\"$(SRCROOT)/Pods/Headers\"/**";
				INFOPLIST_FILE = OneMinuteChanges/Info.plist;
				IPHONEOS_DEPLOYMENT_TARGET = 9.0;
				LD_RUNPATH_SEARCH_PATHS = "$(inherited) @executable_path/Frameworks";
				PRODUCT_BUNDLE_IDENTIFIER = com.europaSoftware.OneMinuteChanges;
				PRODUCT_NAME = "$(TARGET_NAME)";
				PROVISIONING_PROFILE = "";
				SWIFT_OBJC_BRIDGING_HEADER = "OneMinuteChanges/OneMinuteChanges-Bridging-Header.h";
			};
			name = Release;
		};
		61A268631C53DBD00010ADBD /* Debug */ = {
			isa = XCBuildConfiguration;
			buildSettings = {
				BUNDLE_LOADER = "$(TEST_HOST)";
				CLANG_ENABLE_MODULES = YES;
				INFOPLIST_FILE = OneMinuteChangesTests/Info.plist;
				IPHONEOS_DEPLOYMENT_TARGET = 9.0;
				LD_RUNPATH_SEARCH_PATHS = "$(inherited) @executable_path/Frameworks @loader_path/Frameworks";
				PRODUCT_BUNDLE_IDENTIFIER = com.europaSoftware.OneMinuteChangesTests;
				PRODUCT_NAME = "$(TARGET_NAME)";
				SWIFT_OBJC_BRIDGING_HEADER = "OneMinuteChanges/OneMinuteChangesTests-Bridging-Header.h";
				SWIFT_OPTIMIZATION_LEVEL = "-Onone";
				TEST_HOST = "$(BUILT_PRODUCTS_DIR)/OneMinuteChanges.app/OneMinuteChanges";
			};
			name = Debug;
		};
		61A268641C53DBD00010ADBD /* Release */ = {
			isa = XCBuildConfiguration;
			buildSettings = {
				BUNDLE_LOADER = "$(TEST_HOST)";
				CLANG_ENABLE_MODULES = YES;
				INFOPLIST_FILE = OneMinuteChangesTests/Info.plist;
				IPHONEOS_DEPLOYMENT_TARGET = 9.0;
				LD_RUNPATH_SEARCH_PATHS = "$(inherited) @executable_path/Frameworks @loader_path/Frameworks";
				PRODUCT_BUNDLE_IDENTIFIER = com.europaSoftware.OneMinuteChangesTests;
				PRODUCT_NAME = "$(TARGET_NAME)";
				SWIFT_OBJC_BRIDGING_HEADER = "OneMinuteChanges/OneMinuteChangesTests-Bridging-Header.h";
				TEST_HOST = "$(BUILT_PRODUCTS_DIR)/OneMinuteChanges.app/OneMinuteChanges";
			};
			name = Release;
		};
		61A268661C53DBD00010ADBD /* Debug */ = {
			isa = XCBuildConfiguration;
			buildSettings = {
				CLANG_ENABLE_MODULES = YES;
				INFOPLIST_FILE = OneMinuteChangesUITests/Info.plist;
				IPHONEOS_DEPLOYMENT_TARGET = 9.0;
				LD_RUNPATH_SEARCH_PATHS = "$(inherited) @executable_path/Frameworks @loader_path/Frameworks";
				PRODUCT_BUNDLE_IDENTIFIER = com.europaSoftware.OneMinuteChangesUITests;
				PRODUCT_NAME = "$(TARGET_NAME)";
				SWIFT_OBJC_BRIDGING_HEADER = "OneMinuteChanges/OneMinuteChangesUITests-Bridging-Header.h";
				SWIFT_OPTIMIZATION_LEVEL = "-Onone";
				TEST_TARGET_NAME = OneMinuteChanges;
				USES_XCTRUNNER = YES;
			};
			name = Debug;
		};
		61A268671C53DBD00010ADBD /* Release */ = {
			isa = XCBuildConfiguration;
			buildSettings = {
				CLANG_ENABLE_MODULES = YES;
				INFOPLIST_FILE = OneMinuteChangesUITests/Info.plist;
				IPHONEOS_DEPLOYMENT_TARGET = 9.0;
				LD_RUNPATH_SEARCH_PATHS = "$(inherited) @executable_path/Frameworks @loader_path/Frameworks";
				PRODUCT_BUNDLE_IDENTIFIER = com.europaSoftware.OneMinuteChangesUITests;
				PRODUCT_NAME = "$(TARGET_NAME)";
				SWIFT_OBJC_BRIDGING_HEADER = "OneMinuteChanges/OneMinuteChangesUITests-Bridging-Header.h";
				TEST_TARGET_NAME = OneMinuteChanges;
				USES_XCTRUNNER = YES;
			};
			name = Release;
		};
/* End XCBuildConfiguration section */

/* Begin XCConfigurationList section */
		61A2682F1C53DBD00010ADBD /* Build configuration list for PBXProject "OneMinuteChanges" */ = {
			isa = XCConfigurationList;
			buildConfigurations = (
				61A2685D1C53DBD00010ADBD /* Debug */,
				61A2685E1C53DBD00010ADBD /* Release */,
			);
			defaultConfigurationIsVisible = 0;
			defaultConfigurationName = Release;
		};
		61A2685F1C53DBD00010ADBD /* Build configuration list for PBXNativeTarget "OneMinuteChanges" */ = {
			isa = XCConfigurationList;
			buildConfigurations = (
				61A268601C53DBD00010ADBD /* Debug */,
				61A268611C53DBD00010ADBD /* Release */,
			);
			defaultConfigurationIsVisible = 0;
			defaultConfigurationName = Release;
		};
		61A268621C53DBD00010ADBD /* Build configuration list for PBXNativeTarget "OneMinuteChangesTests" */ = {
			isa = XCConfigurationList;
			buildConfigurations = (
				61A268631C53DBD00010ADBD /* Debug */,
				61A268641C53DBD00010ADBD /* Release */,
			);
			defaultConfigurationIsVisible = 0;
			defaultConfigurationName = Release;
		};
		61A268651C53DBD00010ADBD /* Build configuration list for PBXNativeTarget "OneMinuteChangesUITests" */ = {
			isa = XCConfigurationList;
			buildConfigurations = (
				61A268661C53DBD00010ADBD /* Debug */,
				61A268671C53DBD00010ADBD /* Release */,
			);
			defaultConfigurationIsVisible = 0;
			defaultConfigurationName = Release;
		};
/* End XCConfigurationList section */

/* Begin XCVersionGroup section */
		61A2683E1C53DBD00010ADBD /* OneMinuteChanges.xcdatamodeld */ = {
			isa = XCVersionGroup;
			children = (
				61C702CD1C65079A004571E3 /* OneMinuteChanges 2.xcdatamodel */,
				61A2683F1C53DBD00010ADBD /* OneMinuteChanges.xcdatamodel */,
			);
			currentVersion = 61A2683F1C53DBD00010ADBD /* OneMinuteChanges.xcdatamodel */;
			path = OneMinuteChanges.xcdatamodeld;
			sourceTree = "<group>";
			versionGroupType = wrapper.xcdatamodel;
		};
/* End XCVersionGroup section */
	};
	rootObject = 61A2682C1C53DBD00010ADBD /* Project object */;
}
